
Microsoft Visual Studio Solution File, Format Version 12.00
# Visual Studio Version 16
VisualStudioVersion = 16.0.29806.167
MinimumVisualStudioVersion = 10.0.40219.1
Project("{8BC9CEB8-8B4A-11D0-8D11-00A0C91BC942}") = "Test_06_06_list", "Test_06_06_list\Test_06_06_list.vcxproj", "{552884F9-1B1B-4DD1-9E2E-D459D80195E5}"
EndProject
Global
	GlobalSection(SolutionConfigurationPlatforms) = preSolution
		Debug|x64 = Debug|x64
		Debug|x86 = Debug|x86
		Release|x64 = Release|x64
		Release|x86 = Release|x86
	EndGlobalSection
	GlobalSection(ProjectConfigurationPlatforms) = postSolution
		{552884F9-1B1B-4DD1-9E2E-D459D80195E5}.Debug|x64.ActiveCfg = Debug|x64
		{552884F9-1B1B-4DD1-9E2E-D459D80195E5}.Debug|x64.Build.0 = Debug|x64
		{552884F9-1B1B-4DD1-9E2E-D459D80195E5}.Debug|x86.ActiveCfg = Debug|Win32
		{552884F9-1B1B-4DD1-9E2E-D459D80195E5}.Debug|x86.Build.0 = Debug|Win32
		{552884F9-1B1B-4DD1-9E2E-D459D80195E5}.Release|x64.ActiveCfg = Release|x64
		{552884F9-1B1B-4DD1-9E2E-D459D80195E5}.Release|x64.Build.0 = Release|x64
		{552884F9-1B1B-4DD1-9E2E-D459D80195E5}.Release|x86.ActiveCfg = Release|Win32
		{552884F9-1B1B-4DD1-9E2E-D459D80195E5}.Release|x86.Build.0 = Release|Win32
	EndGlobalSection
	GlobalSection(SolutionProperties) = preSolution
		HideSolutionNode = FALSE
	EndGlobalSection
	GlobalSection(ExtensibilityGlobals) = postSolution
		SolutionGuid = {BDAAF563-2BC1-42D6-9D43-3FC43219F944}
	EndGlobalSection
EndGlobal
