
Microsoft Visual Studio Solution File, Format Version 12.00
# Visual Studio Version 16
VisualStudioVersion = 16.0.31205.134
MinimumVisualStudioVersion = 10.0.40219.1
Project("{8BC9CEB8-8B4A-11D0-8D11-00A0C91BC942}") = "10_4_Foundation", "10_4_Foundation\10_4_Foundation.vcxproj", "{CCAC4A85-62BF-4A4A-B5D0-70916D2CD195}"
EndProject
Global
	GlobalSection(SolutionConfigurationPlatforms) = preSolution
		Debug|x64 = Debug|x64
		Debug|x86 = Debug|x86
		Release|x64 = Release|x64
		Release|x86 = Release|x86
	EndGlobalSection
	GlobalSection(ProjectConfigurationPlatforms) = postSolution
		{CCAC4A85-62BF-4A4A-B5D0-70916D2CD195}.Debug|x64.ActiveCfg = Debug|x64
		{CCAC4A85-62BF-4A4A-B5D0-70916D2CD195}.Debug|x64.Build.0 = Debug|x64
		{CCAC4A85-62BF-4A4A-B5D0-70916D2CD195}.Debug|x86.ActiveCfg = Debug|Win32
		{CCAC4A85-62BF-4A4A-B5D0-70916D2CD195}.Debug|x86.Build.0 = Debug|Win32
		{CCAC4A85-62BF-4A4A-B5D0-70916D2CD195}.Release|x64.ActiveCfg = Release|x64
		{CCAC4A85-62BF-4A4A-B5D0-70916D2CD195}.Release|x64.Build.0 = Release|x64
		{CCAC4A85-62BF-4A4A-B5D0-70916D2CD195}.Release|x86.ActiveCfg = Release|Win32
		{CCAC4A85-62BF-4A4A-B5D0-70916D2CD195}.Release|x86.Build.0 = Release|Win32
	EndGlobalSection
	GlobalSection(SolutionProperties) = preSolution
		HideSolutionNode = FALSE
	EndGlobalSection
	GlobalSection(ExtensibilityGlobals) = postSolution
		SolutionGuid = {5CF15B28-1131-4D9E-B188-B3EC450BA0CC}
	EndGlobalSection
EndGlobal
